
Microsoft Visual Studio Solution File, Format Version 12.00
# Visual Studio 2013
VisualStudioVersion = 12.0.21005.1
MinimumVisualStudioVersion = 10.0.40219.1
Project("{FAE04EC0-301F-11D3-BF4B-00C04F79EFBC}") = "Berserk Statistics MVC", "Berserk Statistics MVC\Berserk Statistics MVC.csproj", "{435D0BF2-8707-41DF-92AB-0EF3A729BCED}"
EndProject
Project("{FAE04EC0-301F-11D3-BF4B-00C04F79EFBC}") = "Statistics.Domain.Old", "Statistics.Domain\Statistics.Domain.Old.csproj", "{F5F9C6DC-7799-4EE6-AB36-3AABA5A4974C}"
EndProject
Project("{FAE04EC0-301F-11D3-BF4B-00C04F79EFBC}") = "Statistics.Domain", "Statistics.Domain.New\Statistics.Domain.csproj", "{F4EFF0A5-4C8B-4CE6-884B-34610918F08B}"
EndProject
Global
	GlobalSection(SolutionConfigurationPlatforms) = preSolution
		Debug|Any CPU = Debug|Any CPU
		Release|Any CPU = Release|Any CPU
	EndGlobalSection
	GlobalSection(ProjectConfigurationPlatforms) = postSolution
		{435D0BF2-8707-41DF-92AB-0EF3A729BCED}.Debug|Any CPU.ActiveCfg = Debug|Any CPU
		{435D0BF2-8707-41DF-92AB-0EF3A729BCED}.Debug|Any CPU.Build.0 = Debug|Any CPU
		{435D0BF2-8707-41DF-92AB-0EF3A729BCED}.Release|Any CPU.ActiveCfg = Release|Any CPU
		{435D0BF2-8707-41DF-92AB-0EF3A729BCED}.Release|Any CPU.Build.0 = Release|Any CPU
		{F5F9C6DC-7799-4EE6-AB36-3AABA5A4974C}.Debug|Any CPU.ActiveCfg = Debug|Any CPU
		{F5F9C6DC-7799-4EE6-AB36-3AABA5A4974C}.Debug|Any CPU.Build.0 = Debug|Any CPU
		{F5F9C6DC-7799-4EE6-AB36-3AABA5A4974C}.Release|Any CPU.ActiveCfg = Release|Any CPU
		{F5F9C6DC-7799-4EE6-AB36-3AABA5A4974C}.Release|Any CPU.Build.0 = Release|Any CPU
		{F4EFF0A5-4C8B-4CE6-884B-34610918F08B}.Debug|Any CPU.ActiveCfg = Debug|Any CPU
		{F4EFF0A5-4C8B-4CE6-884B-34610918F08B}.Debug|Any CPU.Build.0 = Debug|Any CPU
		{F4EFF0A5-4C8B-4CE6-884B-34610918F08B}.Release|Any CPU.ActiveCfg = Release|Any CPU
		{F4EFF0A5-4C8B-4CE6-884B-34610918F08B}.Release|Any CPU.Build.0 = Release|Any CPU
	EndGlobalSection
	GlobalSection(SolutionProperties) = preSolution
		HideSolutionNode = FALSE
	EndGlobalSection
EndGlobal
